
Microsoft Visual Studio Solution File, Format Version 12.00
# Visual Studio Version 16
VisualStudioVersion = 16.0.31515.178
MinimumVisualStudioVersion = 10.0.40219.1
Project("{2150E333-8FDC-42A3-9474-1A3956D46DE8}") = "Services", "Services", "{F9CB863F-0FD3-4AE6-93F6-9E1FE9474249}"
EndProject
Project("{2150E333-8FDC-42A3-9474-1A3956D46DE8}") = "src", "src", "{4CAE2EDA-D158-48A8-888D-4CD9F3335224}"
EndProject
Project("{2150E333-8FDC-42A3-9474-1A3956D46DE8}") = "Customer", "Customer", "{6495CB0A-E7B6-46D2-8D86-AD507FF11887}"
EndProject
Project("{2150E333-8FDC-42A3-9474-1A3956D46DE8}") = "Seedwork", "Seedwork", "{100A3DE6-28F7-439F-A289-16396D8419C3}"
EndProject
Project("{9A19103F-16F7-4668-BE54-9A1E7A4F7556}") = "Customer.API", "Services\Customer\Customer.API\Customer.API.csproj", "{B8B4B0A6-8F37-4890-B147-3CE7B980B543}"
EndProject
Project("{9A19103F-16F7-4668-BE54-9A1E7A4F7556}") = "SharedKernel", "SharedKernel\SharedKernel.csproj", "{96E0C123-5694-46DA-AC85-E7B21F95D1C9}"
EndProject
Project("{9A19103F-16F7-4668-BE54-9A1E7A4F7556}") = "Customer.Domain", "Services\Customer\Customer.Domain\Customer.Domain.csproj", "{ED3425C5-D20D-4E6E-AD5B-5A28ED51D300}"
EndProject
Project("{9A19103F-16F7-4668-BE54-9A1E7A4F7556}") = "Customer.Infrastructure", "Services\Customer\Customer.Infrastructure\Customer.Infrastructure.csproj", "{1D0E670B-1D65-4C39-BAA9-6A327083AA7A}"
EndProject
Project("{2150E333-8FDC-42A3-9474-1A3956D46DE8}") = "Parameter", "Parameter", "{D9446E2E-8E73-4EF5-8265-E5A50896481C}"
EndProject
Project("{9A19103F-16F7-4668-BE54-9A1E7A4F7556}") = "Parameter.Domain", "Services\Parameter\Parameter.Domain\Parameter.Domain.csproj", "{75922193-0722-4AE7-AF0B-65307F7B314C}"
EndProject
Project("{9A19103F-16F7-4668-BE54-9A1E7A4F7556}") = "Parameter.Infrastructure", "Services\Parameter\Parameter.Infrastructure\Parameter.Infrastructure.csproj", "{FA357293-7A90-402B-959B-E94872A632A5}"
EndProject
Project("{9A19103F-16F7-4668-BE54-9A1E7A4F7556}") = "Parameter.Api", "Services\Parameter\Parameter.Api\Parameter.Api.csproj", "{FA80C632-F228-4D65-AA82-CF75ABE42924}"
EndProject
Project("{2150E333-8FDC-42A3-9474-1A3956D46DE8}") = "Workshop", "Workshop", "{AFF72A72-393F-4F7D-A7D7-0AC27608266A}"
EndProject
Project("{2150E333-8FDC-42A3-9474-1A3956D46DE8}") = "Store", "Store", "{14B83AD9-9804-4704-9AF7-76003DC540D1}"
EndProject
Project("{2150E333-8FDC-42A3-9474-1A3956D46DE8}") = "Inventory", "Inventory", "{E99B147C-309A-4657-B081-334DF087CC45}"
EndProject
Project("{2150E333-8FDC-42A3-9474-1A3956D46DE8}") = "Billing", "Billing", "{DCC3A3E4-35C8-472C-8237-66E047486BF3}"
EndProject
Project("{9A19103F-16F7-4668-BE54-9A1E7A4F7556}") = "Inventory.Domain", "Services\Inventory\Inventory.Domain\Inventory.Domain.csproj", "{5FC0E50F-2967-4899-A5B7-641CEDE12228}"
EndProject
Project("{9A19103F-16F7-4668-BE54-9A1E7A4F7556}") = "Store.Domain", "Services\Store\Store.Domain\Store.Domain.csproj", "{A1EDF7AD-E195-40AA-80DC-FE804EE02004}"
EndProject
Project("{9A19103F-16F7-4668-BE54-9A1E7A4F7556}") = "Billing.Domain", "Services\Billing\Billing.Domain\Billing.Domain.csproj", "{F487EB26-F720-486F-AB3F-3A43F17B5650}"
EndProject
Project("{2150E333-8FDC-42A3-9474-1A3956D46DE8}") = "Identity", "Identity", "{518A4BAC-4FC1-48AA-8CFE-FB5661747874}"
EndProject
Project("{9A19103F-16F7-4668-BE54-9A1E7A4F7556}") = "Identity.API", "Services\Identity\Identity.API\Identity.API.csproj", "{7A6A2CAE-6403-45C1-96B8-E08CF9417EC0}"
EndProject
Project("{9A19103F-16F7-4668-BE54-9A1E7A4F7556}") = "Identity.Infrastructure", "Services\Identity\Identity.Infrastructure\Identity.Infrastructure.csproj", "{91B2F2F6-03CD-49E7-A1B7-759F454665F8}"
EndProject
Project("{9A19103F-16F7-4668-BE54-9A1E7A4F7556}") = "Workshop.Infrastructure", "Services\Workshop\Workshop.Infrastructure\Workshop.Infrastructure.csproj", "{90E79CF8-BE46-4E64-A832-06EF3FD9F2CB}"
EndProject
Project("{9A19103F-16F7-4668-BE54-9A1E7A4F7556}") = "Workshop.Damain", "Services\Workshop\Workshop.Damain\Workshop.Damain.csproj", "{515BE37C-8D03-4C40-88E0-761324135E9D}"
EndProject
Project("{9A19103F-16F7-4668-BE54-9A1E7A4F7556}") = "Workshop.API", "Services\Workshop\Workshop.API\Workshop.API.csproj", "{C0E58A0D-7CAD-475A-8DFF-BADFAC31BE59}"
EndProject
Project("{9A19103F-16F7-4668-BE54-9A1E7A4F7556}") = "Identity.Domain", "Services\Identity\Identity.Domain\Identity.Domain.csproj", "{8A605027-6474-4E7D-86EF-261B1F139EF3}"
EndProject
Global
	GlobalSection(SolutionConfigurationPlatforms) = preSolution
		Debug|Any CPU = Debug|Any CPU
		Release|Any CPU = Release|Any CPU
	EndGlobalSection
	GlobalSection(ProjectConfigurationPlatforms) = postSolution
		{B8B4B0A6-8F37-4890-B147-3CE7B980B543}.Debug|Any CPU.ActiveCfg = Debug|Any CPU
		{B8B4B0A6-8F37-4890-B147-3CE7B980B543}.Debug|Any CPU.Build.0 = Debug|Any CPU
		{B8B4B0A6-8F37-4890-B147-3CE7B980B543}.Release|Any CPU.ActiveCfg = Release|Any CPU
		{B8B4B0A6-8F37-4890-B147-3CE7B980B543}.Release|Any CPU.Build.0 = Release|Any CPU
		{96E0C123-5694-46DA-AC85-E7B21F95D1C9}.Debug|Any CPU.ActiveCfg = Debug|Any CPU
		{96E0C123-5694-46DA-AC85-E7B21F95D1C9}.Debug|Any CPU.Build.0 = Debug|Any CPU
		{96E0C123-5694-46DA-AC85-E7B21F95D1C9}.Release|Any CPU.ActiveCfg = Release|Any CPU
		{96E0C123-5694-46DA-AC85-E7B21F95D1C9}.Release|Any CPU.Build.0 = Release|Any CPU
		{ED3425C5-D20D-4E6E-AD5B-5A28ED51D300}.Debug|Any CPU.ActiveCfg = Debug|Any CPU
		{ED3425C5-D20D-4E6E-AD5B-5A28ED51D300}.Debug|Any CPU.Build.0 = Debug|Any CPU
		{ED3425C5-D20D-4E6E-AD5B-5A28ED51D300}.Release|Any CPU.ActiveCfg = Release|Any CPU
		{ED3425C5-D20D-4E6E-AD5B-5A28ED51D300}.Release|Any CPU.Build.0 = Release|Any CPU
		{1D0E670B-1D65-4C39-BAA9-6A327083AA7A}.Debug|Any CPU.ActiveCfg = Debug|Any CPU
		{1D0E670B-1D65-4C39-BAA9-6A327083AA7A}.Debug|Any CPU.Build.0 = Debug|Any CPU
		{1D0E670B-1D65-4C39-BAA9-6A327083AA7A}.Release|Any CPU.ActiveCfg = Release|Any CPU
		{1D0E670B-1D65-4C39-BAA9-6A327083AA7A}.Release|Any CPU.Build.0 = Release|Any CPU
		{75922193-0722-4AE7-AF0B-65307F7B314C}.Debug|Any CPU.ActiveCfg = Debug|Any CPU
		{75922193-0722-4AE7-AF0B-65307F7B314C}.Debug|Any CPU.Build.0 = Debug|Any CPU
		{75922193-0722-4AE7-AF0B-65307F7B314C}.Release|Any CPU.ActiveCfg = Release|Any CPU
		{75922193-0722-4AE7-AF0B-65307F7B314C}.Release|Any CPU.Build.0 = Release|Any CPU
		{FA357293-7A90-402B-959B-E94872A632A5}.Debug|Any CPU.ActiveCfg = Debug|Any CPU
		{FA357293-7A90-402B-959B-E94872A632A5}.Debug|Any CPU.Build.0 = Debug|Any CPU
		{FA357293-7A90-402B-959B-E94872A632A5}.Release|Any CPU.ActiveCfg = Release|Any CPU
		{FA357293-7A90-402B-959B-E94872A632A5}.Release|Any CPU.Build.0 = Release|Any CPU
		{FA80C632-F228-4D65-AA82-CF75ABE42924}.Debug|Any CPU.ActiveCfg = Debug|Any CPU
		{FA80C632-F228-4D65-AA82-CF75ABE42924}.Debug|Any CPU.Build.0 = Debug|Any CPU
		{FA80C632-F228-4D65-AA82-CF75ABE42924}.Release|Any CPU.ActiveCfg = Release|Any CPU
		{FA80C632-F228-4D65-AA82-CF75ABE42924}.Release|Any CPU.Build.0 = Release|Any CPU
		{5FC0E50F-2967-4899-A5B7-641CEDE12228}.Debug|Any CPU.ActiveCfg = Debug|Any CPU
		{5FC0E50F-2967-4899-A5B7-641CEDE12228}.Debug|Any CPU.Build.0 = Debug|Any CPU
		{5FC0E50F-2967-4899-A5B7-641CEDE12228}.Release|Any CPU.ActiveCfg = Release|Any CPU
		{5FC0E50F-2967-4899-A5B7-641CEDE12228}.Release|Any CPU.Build.0 = Release|Any CPU
		{A1EDF7AD-E195-40AA-80DC-FE804EE02004}.Debug|Any CPU.ActiveCfg = Debug|Any CPU
		{A1EDF7AD-E195-40AA-80DC-FE804EE02004}.Debug|Any CPU.Build.0 = Debug|Any CPU
		{A1EDF7AD-E195-40AA-80DC-FE804EE02004}.Release|Any CPU.ActiveCfg = Release|Any CPU
		{A1EDF7AD-E195-40AA-80DC-FE804EE02004}.Release|Any CPU.Build.0 = Release|Any CPU
		{F487EB26-F720-486F-AB3F-3A43F17B5650}.Debug|Any CPU.ActiveCfg = Debug|Any CPU
		{F487EB26-F720-486F-AB3F-3A43F17B5650}.Debug|Any CPU.Build.0 = Debug|Any CPU
		{F487EB26-F720-486F-AB3F-3A43F17B5650}.Release|Any CPU.ActiveCfg = Release|Any CPU
		{F487EB26-F720-486F-AB3F-3A43F17B5650}.Release|Any CPU.Build.0 = Release|Any CPU
		{7A6A2CAE-6403-45C1-96B8-E08CF9417EC0}.Debug|Any CPU.ActiveCfg = Debug|Any CPU
		{7A6A2CAE-6403-45C1-96B8-E08CF9417EC0}.Debug|Any CPU.Build.0 = Debug|Any CPU
		{7A6A2CAE-6403-45C1-96B8-E08CF9417EC0}.Release|Any CPU.ActiveCfg = Release|Any CPU
		{7A6A2CAE-6403-45C1-96B8-E08CF9417EC0}.Release|Any CPU.Build.0 = Release|Any CPU
		{91B2F2F6-03CD-49E7-A1B7-759F454665F8}.Debug|Any CPU.ActiveCfg = Debug|Any CPU
		{91B2F2F6-03CD-49E7-A1B7-759F454665F8}.Debug|Any CPU.Build.0 = Debug|Any CPU
		{91B2F2F6-03CD-49E7-A1B7-759F454665F8}.Release|Any CPU.ActiveCfg = Release|Any CPU
		{91B2F2F6-03CD-49E7-A1B7-759F454665F8}.Release|Any CPU.Build.0 = Release|Any CPU
		{90E79CF8-BE46-4E64-A832-06EF3FD9F2CB}.Debug|Any CPU.ActiveCfg = Debug|Any CPU
		{90E79CF8-BE46-4E64-A832-06EF3FD9F2CB}.Debug|Any CPU.Build.0 = Debug|Any CPU
		{90E79CF8-BE46-4E64-A832-06EF3FD9F2CB}.Release|Any CPU.ActiveCfg = Release|Any CPU
		{90E79CF8-BE46-4E64-A832-06EF3FD9F2CB}.Release|Any CPU.Build.0 = Release|Any CPU
		{515BE37C-8D03-4C40-88E0-761324135E9D}.Debug|Any CPU.ActiveCfg = Debug|Any CPU
		{515BE37C-8D03-4C40-88E0-761324135E9D}.Debug|Any CPU.Build.0 = Debug|Any CPU
		{515BE37C-8D03-4C40-88E0-761324135E9D}.Release|Any CPU.ActiveCfg = Release|Any CPU
		{515BE37C-8D03-4C40-88E0-761324135E9D}.Release|Any CPU.Build.0 = Release|Any CPU
		{C0E58A0D-7CAD-475A-8DFF-BADFAC31BE59}.Debug|Any CPU.ActiveCfg = Debug|Any CPU
		{C0E58A0D-7CAD-475A-8DFF-BADFAC31BE59}.Debug|Any CPU.Build.0 = Debug|Any CPU
		{C0E58A0D-7CAD-475A-8DFF-BADFAC31BE59}.Release|Any CPU.ActiveCfg = Release|Any CPU
		{C0E58A0D-7CAD-475A-8DFF-BADFAC31BE59}.Release|Any CPU.Build.0 = Release|Any CPU
		{8A605027-6474-4E7D-86EF-261B1F139EF3}.Debug|Any CPU.ActiveCfg = Debug|Any CPU
		{8A605027-6474-4E7D-86EF-261B1F139EF3}.Debug|Any CPU.Build.0 = Debug|Any CPU
		{8A605027-6474-4E7D-86EF-261B1F139EF3}.Release|Any CPU.ActiveCfg = Release|Any CPU
		{8A605027-6474-4E7D-86EF-261B1F139EF3}.Release|Any CPU.Build.0 = Release|Any CPU
	EndGlobalSection
	GlobalSection(SolutionProperties) = preSolution
		HideSolutionNode = FALSE
	EndGlobalSection
	GlobalSection(NestedProjects) = preSolution
		{F9CB863F-0FD3-4AE6-93F6-9E1FE9474249} = {4CAE2EDA-D158-48A8-888D-4CD9F3335224}
		{6495CB0A-E7B6-46D2-8D86-AD507FF11887} = {F9CB863F-0FD3-4AE6-93F6-9E1FE9474249}
		{100A3DE6-28F7-439F-A289-16396D8419C3} = {4CAE2EDA-D158-48A8-888D-4CD9F3335224}
		{B8B4B0A6-8F37-4890-B147-3CE7B980B543} = {6495CB0A-E7B6-46D2-8D86-AD507FF11887}
		{96E0C123-5694-46DA-AC85-E7B21F95D1C9} = {100A3DE6-28F7-439F-A289-16396D8419C3}
		{ED3425C5-D20D-4E6E-AD5B-5A28ED51D300} = {6495CB0A-E7B6-46D2-8D86-AD507FF11887}
		{1D0E670B-1D65-4C39-BAA9-6A327083AA7A} = {6495CB0A-E7B6-46D2-8D86-AD507FF11887}
		{D9446E2E-8E73-4EF5-8265-E5A50896481C} = {F9CB863F-0FD3-4AE6-93F6-9E1FE9474249}
		{75922193-0722-4AE7-AF0B-65307F7B314C} = {D9446E2E-8E73-4EF5-8265-E5A50896481C}
		{FA357293-7A90-402B-959B-E94872A632A5} = {D9446E2E-8E73-4EF5-8265-E5A50896481C}
		{FA80C632-F228-4D65-AA82-CF75ABE42924} = {D9446E2E-8E73-4EF5-8265-E5A50896481C}
		{AFF72A72-393F-4F7D-A7D7-0AC27608266A} = {F9CB863F-0FD3-4AE6-93F6-9E1FE9474249}
		{14B83AD9-9804-4704-9AF7-76003DC540D1} = {F9CB863F-0FD3-4AE6-93F6-9E1FE9474249}
		{E99B147C-309A-4657-B081-334DF087CC45} = {F9CB863F-0FD3-4AE6-93F6-9E1FE9474249}
		{DCC3A3E4-35C8-472C-8237-66E047486BF3} = {F9CB863F-0FD3-4AE6-93F6-9E1FE9474249}
		{5FC0E50F-2967-4899-A5B7-641CEDE12228} = {E99B147C-309A-4657-B081-334DF087CC45}
		{A1EDF7AD-E195-40AA-80DC-FE804EE02004} = {14B83AD9-9804-4704-9AF7-76003DC540D1}
		{F487EB26-F720-486F-AB3F-3A43F17B5650} = {DCC3A3E4-35C8-472C-8237-66E047486BF3}
		{518A4BAC-4FC1-48AA-8CFE-FB5661747874} = {F9CB863F-0FD3-4AE6-93F6-9E1FE9474249}
		{7A6A2CAE-6403-45C1-96B8-E08CF9417EC0} = {518A4BAC-4FC1-48AA-8CFE-FB5661747874}
		{91B2F2F6-03CD-49E7-A1B7-759F454665F8} = {518A4BAC-4FC1-48AA-8CFE-FB5661747874}
		{90E79CF8-BE46-4E64-A832-06EF3FD9F2CB} = {AFF72A72-393F-4F7D-A7D7-0AC27608266A}
		{515BE37C-8D03-4C40-88E0-761324135E9D} = {AFF72A72-393F-4F7D-A7D7-0AC27608266A}
		{C0E58A0D-7CAD-475A-8DFF-BADFAC31BE59} = {AFF72A72-393F-4F7D-A7D7-0AC27608266A}
		{8A605027-6474-4E7D-86EF-261B1F139EF3} = {518A4BAC-4FC1-48AA-8CFE-FB5661747874}
	EndGlobalSection
	GlobalSection(ExtensibilityGlobals) = postSolution
		SolutionGuid = {1F01C1D2-E708-48AB-B3D1-1505F126D3A1}
	EndGlobalSection
EndGlobal
